# This file is automatically @generated by Cargo.
# It is not intended for manual editing.
version = 3

[[package]]
name = "puzzle_01"
version = "0.1.0"

[[package]]
name = "puzzle_02"
version = "0.1.0"

[[package]]
name = "puzzle_03"
version = "0.1.0"

[[package]]
name = "puzzle_04"
version = "0.1.0"

[[package]]
name = "puzzle_05"
version = "0.1.0"

[[package]]
name = "puzzle_06"
version = "0.1.0"

[[package]]
name = "puzzle_07"
version = "0.1.0"

[[package]]
name = "puzzle_08"
version = "0.1.0"
