# This file is automatically @generated by Cargo.
# It is not intended for manual editing.
version = 3

[[package]]
name = "puzzle_01"
version = "0.1.0"

[[package]]
name = "puzzle_02"
version = "0.1.0"

[[package]]
name = "puzzle_03"
version = "0.1.0"

[[package]]
name = "puzzle_04"
version = "0.1.0"

[[package]]
name = "puzzle_05"
version = "0.1.0"

[[package]]
name = "puzzle_06"
version = "0.1.0"

[[package]]
name = "puzzle_07"
version = "0.1.0"

[[package]]
name = "puzzle_08"
version = "0.1.0"

[[package]]
name = "puzzle_09"
version = "0.1.0"

[[package]]
name = "puzzle_10"
version = "0.1.0"

[[package]]
name = "puzzle_11"
version = "0.1.0"

[[package]]
name = "puzzle_12"
version = "0.1.0"

[[package]]
name = "puzzle_13"
version = "0.1.0"

[[package]]
name = "puzzle_14"
version = "0.1.0"

[[package]]
name = "puzzle_15"
version = "0.1.0"

[[package]]
name = "puzzle_16"
version = "0.1.0"

[[package]]
name = "puzzle_17"
version = "0.1.0"

[[package]]
name = "puzzle_18"
version = "0.1.0"

[[package]]
name = "puzzle_19"
version = "0.1.0"

[[package]]
name = "puzzle_20"
version = "0.1.0"

[[package]]
name = "puzzle_21"
version = "0.1.0"

[[package]]
name = "puzzle_22"
version = "0.1.0"

[[package]]
name = "puzzle_23"
version = "0.1.0"

[[package]]
name = "puzzle_24"
version = "0.1.0"

[[package]]
name = "puzzle_25"
version = "0.1.0"
